
Microsoft Visual Studio Solution File, Format Version 12.00
# Visual Studio 14
VisualStudioVersion = 14.0.23107.0
MinimumVisualStudioVersion = 10.0.40219.1
Project("{2150E333-8FDC-42A3-9474-1A3956D46DE8}") = "Tools", "Tools", "{9900714F-F4F3-41AC-B088-78631BDFEEB3}"
EndProject
Project("{2150E333-8FDC-42A3-9474-1A3956D46DE8}") = "Engine", "Engine", "{7770BD5B-4FDD-447A-B274-96C5A43B531F}"
EndProject
Project("{2150E333-8FDC-42A3-9474-1A3956D46DE8}") = "Game", "Game", "{1014F25A-34E0-4A56-852D-70052741281E}"
EndProject
Project("{8BC9CEB8-8B4A-11D0-8D11-00A0C91BC942}") = "Game", "Code\Game\Game\Game.vcxproj", "{9E467CBE-A795-453D-B724-F0AE5D9AB220}"
	ProjectSection(ProjectDependencies) = postProject
		{552B2876-037A-4A14-8E5B-D73907DF5322} = {552B2876-037A-4A14-8E5B-D73907DF5322}
		{46C603DB-B8DF-428F-A614-BED5805B3A62} = {46C603DB-B8DF-428F-A614-BED5805B3A62}
		{136761E4-C684-4AFF-BF27-E946FCF006A1} = {136761E4-C684-4AFF-BF27-E946FCF006A1}
		{45CDCFF0-7F57-457F-9706-C3C15E7EA597} = {45CDCFF0-7F57-457F-9706-C3C15E7EA597}
	EndProjectSection
EndProject
Project("{8BC9CEB8-8B4A-11D0-8D11-00A0C91BC942}") = "BuildAssets", "Code\Game\BuildAssets\BuildAssets.vcxproj", "{3670C64E-AAA0-4056-BF89-744D0276F609}"
	ProjectSection(ProjectDependencies) = postProject
		{B940D42B-253A-48A9-85D8-08F286117EC4} = {B940D42B-253A-48A9-85D8-08F286117EC4}
		{EC809270-CE46-4204-A0F7-F88A6A4732E9} = {EC809270-CE46-4204-A0F7-F88A6A4732E9}
		{0EF75377-98A2-4691-9615-36D640503EB7} = {0EF75377-98A2-4691-9615-36D640503EB7}
		{7590DE77-3929-4687-9759-611AA4906B9B} = {7590DE77-3929-4687-9759-611AA4906B9B}
		{C9BDAC7C-C59A-4367-A21D-0FEDABB93012} = {C9BDAC7C-C59A-4367-A21D-0FEDABB93012}
		{F7850A7E-5C69-46C4-91A6-086F474961FB} = {F7850A7E-5C69-46C4-91A6-086F474961FB}
		{DE18299E-57DD-420A-9219-31BCCE5A5BC0} = {DE18299E-57DD-420A-9219-31BCCE5A5BC0}
		{5F8004A7-75AD-49AC-85C7-96D9B9F19533} = {5F8004A7-75AD-49AC-85C7-96D9B9F19533}
		{ABF804FE-993A-43E2-A242-F3090A290B12} = {ABF804FE-993A-43E2-A242-F3090A290B12}
	EndProjectSection
EndProject
Project("{8BC9CEB8-8B4A-11D0-8D11-00A0C91BC942}") = "Graphics", "Code\Engine\Graphics\Graphics.vcxproj", "{46C603DB-B8DF-428F-A614-BED5805B3A62}"
	ProjectSection(ProjectDependencies) = postProject
		{06F00F02-D352-44A1-B42B-B5C2CEB2567A} = {06F00F02-D352-44A1-B42B-B5C2CEB2567A}
		{B6BC0082-C4EF-4B54-9247-6C5FF414FF2A} = {B6BC0082-C4EF-4B54-9247-6C5FF414FF2A}
		{583136CA-2A90-4B54-8CF8-E7AD420CA523} = {583136CA-2A90-4B54-8CF8-E7AD420CA523}
		{D76FAEE2-0B67-493B-B494-2C5FB20AA14C} = {D76FAEE2-0B67-493B-B494-2C5FB20AA14C}
		{45CDCFF0-7F57-457F-9706-C3C15E7EA597} = {45CDCFF0-7F57-457F-9706-C3C15E7EA597}
	EndProjectSection
EndProject
Project("{8BC9CEB8-8B4A-11D0-8D11-00A0C91BC942}") = "Windows", "Code\Engine\Windows\Windows.vcxproj", "{D76FAEE2-0B67-493B-B494-2C5FB20AA14C}"
EndProject
Project("{8BC9CEB8-8B4A-11D0-8D11-00A0C91BC942}") = "UserOutput", "Code\Engine\UserOutput\UserOutput.vcxproj", "{583136CA-2A90-4B54-8CF8-E7AD420CA523}"
EndProject
Project("{2150E333-8FDC-42A3-9474-1A3956D46DE8}") = "External", "External", "{2EBEC307-27C3-4278-BB7E-ED81E63F5E88}"
EndProject
Project("{8BC9CEB8-8B4A-11D0-8D11-00A0C91BC942}") = "OpenGlExtensions", "Code\External\OpenGlExtensions\OpenGlExtensions.vcxproj", "{B6BC0082-C4EF-4B54-9247-6C5FF414FF2A}"
	ProjectSection(ProjectDependencies) = postProject
		{D76FAEE2-0B67-493B-B494-2C5FB20AA14C} = {D76FAEE2-0B67-493B-B494-2C5FB20AA14C}
	EndProjectSection
EndProject
Project("{8BC9CEB8-8B4A-11D0-8D11-00A0C91BC942}") = "Lua", "Code\External\Lua\Lua.vcxproj", "{45CDCFF0-7F57-457F-9706-C3C15E7EA597}"
EndProject
Project("{8BC9CEB8-8B4A-11D0-8D11-00A0C91BC942}") = "LuaC", "Code\External\Lua\LuaC.vcxproj", "{393119AF-5F33-4130-9BE8-8A59EEBED07E}"
	ProjectSection(ProjectDependencies) = postProject
		{45CDCFF0-7F57-457F-9706-C3C15E7EA597} = {45CDCFF0-7F57-457F-9706-C3C15E7EA597}
	EndProjectSection
EndProject
Project("{8BC9CEB8-8B4A-11D0-8D11-00A0C91BC942}") = "LuaExe", "Code\External\Lua\LuaExe.vcxproj", "{9653A255-0309-403F-9193-DE569343011F}"
	ProjectSection(ProjectDependencies) = postProject
		{45CDCFF0-7F57-457F-9706-C3C15E7EA597} = {45CDCFF0-7F57-457F-9706-C3C15E7EA597}
	EndProjectSection
EndProject
Project("{2150E333-8FDC-42A3-9474-1A3956D46DE8}") = "Scripts", "Scripts", "{CBA2AEF4-FBB4-4886-BD4E-8B41065E2F6B}"
	ProjectSection(SolutionItems) = preProject
		Scripts\AssetsToBuild.lua = Scripts\AssetsToBuild.lua
		Scripts\BuildAssets.lua = Scripts\BuildAssets.lua
	EndProjectSection
EndProject
Project("{8BC9CEB8-8B4A-11D0-8D11-00A0C91BC942}") = "BuilderHelper", "Code\Tools\BuilderHelper\BuilderHelper.vcxproj", "{5F8004A7-75AD-49AC-85C7-96D9B9F19533}"
EndProject
Project("{8BC9CEB8-8B4A-11D0-8D11-00A0C91BC942}") = "AssetBuilder", "Code\Tools\AssetBuilder\AssetBuilder.vcxproj", "{ABF804FE-993A-43E2-A242-F3090A290B12}"
	ProjectSection(ProjectDependencies) = postProject
		{B940D42B-253A-48A9-85D8-08F286117EC4} = {B940D42B-253A-48A9-85D8-08F286117EC4}
		{C9BDAC7C-C59A-4367-A21D-0FEDABB93012} = {C9BDAC7C-C59A-4367-A21D-0FEDABB93012}
		{5F8004A7-75AD-49AC-85C7-96D9B9F19533} = {5F8004A7-75AD-49AC-85C7-96D9B9F19533}
		{D76FAEE2-0B67-493B-B494-2C5FB20AA14C} = {D76FAEE2-0B67-493B-B494-2C5FB20AA14C}
		{45CDCFF0-7F57-457F-9706-C3C15E7EA597} = {45CDCFF0-7F57-457F-9706-C3C15E7EA597}
	EndProjectSection
EndProject
Project("{8BC9CEB8-8B4A-11D0-8D11-00A0C91BC942}") = "GenericBuilder", "Code\Tools\GenericBuilder\GenericBuilder.vcxproj", "{C9BDAC7C-C59A-4367-A21D-0FEDABB93012}"
	ProjectSection(ProjectDependencies) = postProject
		{5F8004A7-75AD-49AC-85C7-96D9B9F19533} = {5F8004A7-75AD-49AC-85C7-96D9B9F19533}
		{D76FAEE2-0B67-493B-B494-2C5FB20AA14C} = {D76FAEE2-0B67-493B-B494-2C5FB20AA14C}
	EndProjectSection
EndProject
Project("{8BC9CEB8-8B4A-11D0-8D11-00A0C91BC942}") = "MeshBuilder", "Code\Tools\MeshBuilder\MeshBuilder.vcxproj", "{B940D42B-253A-48A9-85D8-08F286117EC4}"
	ProjectSection(ProjectDependencies) = postProject
		{5F8004A7-75AD-49AC-85C7-96D9B9F19533} = {5F8004A7-75AD-49AC-85C7-96D9B9F19533}
		{D76FAEE2-0B67-493B-B494-2C5FB20AA14C} = {D76FAEE2-0B67-493B-B494-2C5FB20AA14C}
		{45CDCFF0-7F57-457F-9706-C3C15E7EA597} = {45CDCFF0-7F57-457F-9706-C3C15E7EA597}
	EndProjectSection
EndProject
Project("{8BC9CEB8-8B4A-11D0-8D11-00A0C91BC942}") = "UserInput", "Code\Engine\UserInput\UserInput.vcxproj", "{552B2876-037A-4A14-8E5B-D73907DF5322}"
EndProject
Project("{8BC9CEB8-8B4A-11D0-8D11-00A0C91BC942}") = "Time", "Code\Engine\Time\Time.vcxproj", "{136761E4-C684-4AFF-BF27-E946FCF006A1}"
	ProjectSection(ProjectDependencies) = postProject
		{D76FAEE2-0B67-493B-B494-2C5FB20AA14C} = {D76FAEE2-0B67-493B-B494-2C5FB20AA14C}
	EndProjectSection
EndProject
Project("{8BC9CEB8-8B4A-11D0-8D11-00A0C91BC942}") = "Math", "Code\Engine\Math\Math.vcxproj", "{06F00F02-D352-44A1-B42B-B5C2CEB2567A}"
EndProject
Project("{8BC9CEB8-8B4A-11D0-8D11-00A0C91BC942}") = "Mcpp", "Code\External\Mcpp\Mcpp.vcxproj", "{4228BC52-904F-4BA2-B78E-7BCB85068A82}"
EndProject
Project("{8BC9CEB8-8B4A-11D0-8D11-00A0C91BC942}") = "EffectBuilder", "Code\Tools\EffectBuilder\EffectBuilder.vcxproj", "{F7850A7E-5C69-46C4-91A6-086F474961FB}"
	ProjectSection(ProjectDependencies) = postProject
		{5F8004A7-75AD-49AC-85C7-96D9B9F19533} = {5F8004A7-75AD-49AC-85C7-96D9B9F19533}
		{D76FAEE2-0B67-493B-B494-2C5FB20AA14C} = {D76FAEE2-0B67-493B-B494-2C5FB20AA14C}
		{45CDCFF0-7F57-457F-9706-C3C15E7EA597} = {45CDCFF0-7F57-457F-9706-C3C15E7EA597}
	EndProjectSection
EndProject
Project("{8BC9CEB8-8B4A-11D0-8D11-00A0C91BC942}") = "VertexShaderBuilder", "Code\Tools\VertexShaderBuilder\VertexShaderBuilder.vcxproj", "{EC809270-CE46-4204-A0F7-F88A6A4732E9}"
	ProjectSection(ProjectDependencies) = postProject
		{4228BC52-904F-4BA2-B78E-7BCB85068A82} = {4228BC52-904F-4BA2-B78E-7BCB85068A82}
		{5F8004A7-75AD-49AC-85C7-96D9B9F19533} = {5F8004A7-75AD-49AC-85C7-96D9B9F19533}
		{D76FAEE2-0B67-493B-B494-2C5FB20AA14C} = {D76FAEE2-0B67-493B-B494-2C5FB20AA14C}
	EndProjectSection
EndProject
Project("{8BC9CEB8-8B4A-11D0-8D11-00A0C91BC942}") = "FragmentShaderBuilder", "Code\Tools\FragmentShaderBuilder\FragmentShaderBuilder.vcxproj", "{7590DE77-3929-4687-9759-611AA4906B9B}"
	ProjectSection(ProjectDependencies) = postProject
		{4228BC52-904F-4BA2-B78E-7BCB85068A82} = {4228BC52-904F-4BA2-B78E-7BCB85068A82}
		{5F8004A7-75AD-49AC-85C7-96D9B9F19533} = {5F8004A7-75AD-49AC-85C7-96D9B9F19533}
		{D76FAEE2-0B67-493B-B494-2C5FB20AA14C} = {D76FAEE2-0B67-493B-B494-2C5FB20AA14C}
	EndProjectSection
EndProject
Project("{8BC9CEB8-8B4A-11D0-8D11-00A0C91BC942}") = "MayaMeshExporter", "Code\Tools\MayaMeshExporter\MayaMeshExporter.vcxproj", "{70B81970-5665-4429-B2B2-7F6FCED5AB84}"
EndProject
Project("{8BC9CEB8-8B4A-11D0-8D11-00A0C91BC942}") = "MaterialBuilder", "Code\Tools\MaterialBuilder\MaterialBuilder.vcxproj", "{0EF75377-98A2-4691-9615-36D640503EB7}"
	ProjectSection(ProjectDependencies) = postProject
		{5F8004A7-75AD-49AC-85C7-96D9B9F19533} = {5F8004A7-75AD-49AC-85C7-96D9B9F19533}
		{D76FAEE2-0B67-493B-B494-2C5FB20AA14C} = {D76FAEE2-0B67-493B-B494-2C5FB20AA14C}
		{45CDCFF0-7F57-457F-9706-C3C15E7EA597} = {45CDCFF0-7F57-457F-9706-C3C15E7EA597}
	EndProjectSection
EndProject
Project("{8BC9CEB8-8B4A-11D0-8D11-00A0C91BC942}") = "TextureBuilder", "Code\Tools\TextureBuilder\TextureBuilder.vcxproj", "{DE18299E-57DD-420A-9219-31BCCE5A5BC0}"
	ProjectSection(ProjectDependencies) = postProject
		{5F8004A7-75AD-49AC-85C7-96D9B9F19533} = {5F8004A7-75AD-49AC-85C7-96D9B9F19533}
		{D76FAEE2-0B67-493B-B494-2C5FB20AA14C} = {D76FAEE2-0B67-493B-B494-2C5FB20AA14C}
		{45CDCFF0-7F57-457F-9706-C3C15E7EA597} = {45CDCFF0-7F57-457F-9706-C3C15E7EA597}
	EndProjectSection
EndProject
Global
	GlobalSection(SolutionConfigurationPlatforms) = preSolution
		Debug|Direct3D_64 = Debug|Direct3D_64
		Debug|OpenGL_32 = Debug|OpenGL_32
		Release|Direct3D_64 = Release|Direct3D_64
		Release|OpenGL_32 = Release|OpenGL_32
	EndGlobalSection
	GlobalSection(ProjectConfigurationPlatforms) = postSolution
		{9E467CBE-A795-453D-B724-F0AE5D9AB220}.Debug|Direct3D_64.ActiveCfg = Debug|x64
		{9E467CBE-A795-453D-B724-F0AE5D9AB220}.Debug|Direct3D_64.Build.0 = Debug|x64
		{9E467CBE-A795-453D-B724-F0AE5D9AB220}.Debug|OpenGL_32.ActiveCfg = Debug|Win32
		{9E467CBE-A795-453D-B724-F0AE5D9AB220}.Debug|OpenGL_32.Build.0 = Debug|Win32
		{9E467CBE-A795-453D-B724-F0AE5D9AB220}.Release|Direct3D_64.ActiveCfg = Release|x64
		{9E467CBE-A795-453D-B724-F0AE5D9AB220}.Release|Direct3D_64.Build.0 = Release|x64
		{9E467CBE-A795-453D-B724-F0AE5D9AB220}.Release|OpenGL_32.ActiveCfg = Release|Win32
		{9E467CBE-A795-453D-B724-F0AE5D9AB220}.Release|OpenGL_32.Build.0 = Release|Win32
		{3670C64E-AAA0-4056-BF89-744D0276F609}.Debug|Direct3D_64.ActiveCfg = Debug|x64
		{3670C64E-AAA0-4056-BF89-744D0276F609}.Debug|Direct3D_64.Build.0 = Debug|x64
		{3670C64E-AAA0-4056-BF89-744D0276F609}.Debug|OpenGL_32.ActiveCfg = Debug|Win32
		{3670C64E-AAA0-4056-BF89-744D0276F609}.Debug|OpenGL_32.Build.0 = Debug|Win32
		{3670C64E-AAA0-4056-BF89-744D0276F609}.Release|Direct3D_64.ActiveCfg = Release|x64
		{3670C64E-AAA0-4056-BF89-744D0276F609}.Release|Direct3D_64.Build.0 = Release|x64
		{3670C64E-AAA0-4056-BF89-744D0276F609}.Release|OpenGL_32.ActiveCfg = Release|Win32
		{3670C64E-AAA0-4056-BF89-744D0276F609}.Release|OpenGL_32.Build.0 = Release|Win32
		{46C603DB-B8DF-428F-A614-BED5805B3A62}.Debug|Direct3D_64.ActiveCfg = Debug|x64
		{46C603DB-B8DF-428F-A614-BED5805B3A62}.Debug|Direct3D_64.Build.0 = Debug|x64
		{46C603DB-B8DF-428F-A614-BED5805B3A62}.Debug|OpenGL_32.ActiveCfg = Debug|Win32
		{46C603DB-B8DF-428F-A614-BED5805B3A62}.Debug|OpenGL_32.Build.0 = Debug|Win32
		{46C603DB-B8DF-428F-A614-BED5805B3A62}.Release|Direct3D_64.ActiveCfg = Release|x64
		{46C603DB-B8DF-428F-A614-BED5805B3A62}.Release|Direct3D_64.Build.0 = Release|x64
		{46C603DB-B8DF-428F-A614-BED5805B3A62}.Release|OpenGL_32.ActiveCfg = Release|Win32
		{46C603DB-B8DF-428F-A614-BED5805B3A62}.Release|OpenGL_32.Build.0 = Release|Win32
		{D76FAEE2-0B67-493B-B494-2C5FB20AA14C}.Debug|Direct3D_64.ActiveCfg = Debug|x64
		{D76FAEE2-0B67-493B-B494-2C5FB20AA14C}.Debug|Direct3D_64.Build.0 = Debug|x64
		{D76FAEE2-0B67-493B-B494-2C5FB20AA14C}.Debug|OpenGL_32.ActiveCfg = Debug|Win32
		{D76FAEE2-0B67-493B-B494-2C5FB20AA14C}.Debug|OpenGL_32.Build.0 = Debug|Win32
		{D76FAEE2-0B67-493B-B494-2C5FB20AA14C}.Release|Direct3D_64.ActiveCfg = Release|x64
		{D76FAEE2-0B67-493B-B494-2C5FB20AA14C}.Release|Direct3D_64.Build.0 = Release|x64
		{D76FAEE2-0B67-493B-B494-2C5FB20AA14C}.Release|OpenGL_32.ActiveCfg = Release|Win32
		{D76FAEE2-0B67-493B-B494-2C5FB20AA14C}.Release|OpenGL_32.Build.0 = Release|Win32
		{583136CA-2A90-4B54-8CF8-E7AD420CA523}.Debug|Direct3D_64.ActiveCfg = Debug|x64
		{583136CA-2A90-4B54-8CF8-E7AD420CA523}.Debug|Direct3D_64.Build.0 = Debug|x64
		{583136CA-2A90-4B54-8CF8-E7AD420CA523}.Debug|OpenGL_32.ActiveCfg = Debug|Win32
		{583136CA-2A90-4B54-8CF8-E7AD420CA523}.Debug|OpenGL_32.Build.0 = Debug|Win32
		{583136CA-2A90-4B54-8CF8-E7AD420CA523}.Release|Direct3D_64.ActiveCfg = Release|x64
		{583136CA-2A90-4B54-8CF8-E7AD420CA523}.Release|Direct3D_64.Build.0 = Release|x64
		{583136CA-2A90-4B54-8CF8-E7AD420CA523}.Release|OpenGL_32.ActiveCfg = Release|Win32
		{583136CA-2A90-4B54-8CF8-E7AD420CA523}.Release|OpenGL_32.Build.0 = Release|Win32
		{B6BC0082-C4EF-4B54-9247-6C5FF414FF2A}.Debug|Direct3D_64.ActiveCfg = Debug|x64
		{B6BC0082-C4EF-4B54-9247-6C5FF414FF2A}.Debug|OpenGL_32.ActiveCfg = Debug|Win32
		{B6BC0082-C4EF-4B54-9247-6C5FF414FF2A}.Debug|OpenGL_32.Build.0 = Debug|Win32
		{B6BC0082-C4EF-4B54-9247-6C5FF414FF2A}.Release|Direct3D_64.ActiveCfg = Release|x64
		{B6BC0082-C4EF-4B54-9247-6C5FF414FF2A}.Release|OpenGL_32.ActiveCfg = Release|Win32
		{B6BC0082-C4EF-4B54-9247-6C5FF414FF2A}.Release|OpenGL_32.Build.0 = Release|Win32
		{45CDCFF0-7F57-457F-9706-C3C15E7EA597}.Debug|Direct3D_64.ActiveCfg = Debug|x64
		{45CDCFF0-7F57-457F-9706-C3C15E7EA597}.Debug|Direct3D_64.Build.0 = Debug|x64
		{45CDCFF0-7F57-457F-9706-C3C15E7EA597}.Debug|OpenGL_32.ActiveCfg = Debug|Win32
		{45CDCFF0-7F57-457F-9706-C3C15E7EA597}.Debug|OpenGL_32.Build.0 = Debug|Win32
		{45CDCFF0-7F57-457F-9706-C3C15E7EA597}.Release|Direct3D_64.ActiveCfg = Release|x64
		{45CDCFF0-7F57-457F-9706-C3C15E7EA597}.Release|Direct3D_64.Build.0 = Release|x64
		{45CDCFF0-7F57-457F-9706-C3C15E7EA597}.Release|OpenGL_32.ActiveCfg = Release|Win32
		{45CDCFF0-7F57-457F-9706-C3C15E7EA597}.Release|OpenGL_32.Build.0 = Release|Win32
		{393119AF-5F33-4130-9BE8-8A59EEBED07E}.Debug|Direct3D_64.ActiveCfg = Debug|x64
		{393119AF-5F33-4130-9BE8-8A59EEBED07E}.Debug|Direct3D_64.Build.0 = Debug|x64
		{393119AF-5F33-4130-9BE8-8A59EEBED07E}.Debug|OpenGL_32.ActiveCfg = Debug|Win32
		{393119AF-5F33-4130-9BE8-8A59EEBED07E}.Debug|OpenGL_32.Build.0 = Debug|Win32
		{393119AF-5F33-4130-9BE8-8A59EEBED07E}.Release|Direct3D_64.ActiveCfg = Release|x64
		{393119AF-5F33-4130-9BE8-8A59EEBED07E}.Release|Direct3D_64.Build.0 = Release|x64
		{393119AF-5F33-4130-9BE8-8A59EEBED07E}.Release|OpenGL_32.ActiveCfg = Release|Win32
		{393119AF-5F33-4130-9BE8-8A59EEBED07E}.Release|OpenGL_32.Build.0 = Release|Win32
		{9653A255-0309-403F-9193-DE569343011F}.Debug|Direct3D_64.ActiveCfg = Debug|x64
		{9653A255-0309-403F-9193-DE569343011F}.Debug|Direct3D_64.Build.0 = Debug|x64
		{9653A255-0309-403F-9193-DE569343011F}.Debug|OpenGL_32.ActiveCfg = Debug|Win32
		{9653A255-0309-403F-9193-DE569343011F}.Debug|OpenGL_32.Build.0 = Debug|Win32
		{9653A255-0309-403F-9193-DE569343011F}.Release|Direct3D_64.ActiveCfg = Release|x64
		{9653A255-0309-403F-9193-DE569343011F}.Release|Direct3D_64.Build.0 = Release|x64
		{9653A255-0309-403F-9193-DE569343011F}.Release|OpenGL_32.ActiveCfg = Release|Win32
		{9653A255-0309-403F-9193-DE569343011F}.Release|OpenGL_32.Build.0 = Release|Win32
		{5F8004A7-75AD-49AC-85C7-96D9B9F19533}.Debug|Direct3D_64.ActiveCfg = Debug|x64
		{5F8004A7-75AD-49AC-85C7-96D9B9F19533}.Debug|Direct3D_64.Build.0 = Debug|x64
		{5F8004A7-75AD-49AC-85C7-96D9B9F19533}.Debug|OpenGL_32.ActiveCfg = Debug|Win32
		{5F8004A7-75AD-49AC-85C7-96D9B9F19533}.Debug|OpenGL_32.Build.0 = Debug|Win32
		{5F8004A7-75AD-49AC-85C7-96D9B9F19533}.Release|Direct3D_64.ActiveCfg = Release|x64
		{5F8004A7-75AD-49AC-85C7-96D9B9F19533}.Release|Direct3D_64.Build.0 = Release|x64
		{5F8004A7-75AD-49AC-85C7-96D9B9F19533}.Release|OpenGL_32.ActiveCfg = Release|Win32
		{5F8004A7-75AD-49AC-85C7-96D9B9F19533}.Release|OpenGL_32.Build.0 = Release|Win32
		{ABF804FE-993A-43E2-A242-F3090A290B12}.Debug|Direct3D_64.ActiveCfg = Debug|x64
		{ABF804FE-993A-43E2-A242-F3090A290B12}.Debug|Direct3D_64.Build.0 = Debug|x64
		{ABF804FE-993A-43E2-A242-F3090A290B12}.Debug|OpenGL_32.ActiveCfg = Debug|Win32
		{ABF804FE-993A-43E2-A242-F3090A290B12}.Debug|OpenGL_32.Build.0 = Debug|Win32
		{ABF804FE-993A-43E2-A242-F3090A290B12}.Release|Direct3D_64.ActiveCfg = Release|x64
		{ABF804FE-993A-43E2-A242-F3090A290B12}.Release|Direct3D_64.Build.0 = Release|x64
		{ABF804FE-993A-43E2-A242-F3090A290B12}.Release|OpenGL_32.ActiveCfg = Release|Win32
		{ABF804FE-993A-43E2-A242-F3090A290B12}.Release|OpenGL_32.Build.0 = Release|Win32
		{C9BDAC7C-C59A-4367-A21D-0FEDABB93012}.Debug|Direct3D_64.ActiveCfg = Debug|x64
		{C9BDAC7C-C59A-4367-A21D-0FEDABB93012}.Debug|Direct3D_64.Build.0 = Debug|x64
		{C9BDAC7C-C59A-4367-A21D-0FEDABB93012}.Debug|OpenGL_32.ActiveCfg = Debug|Win32
		{C9BDAC7C-C59A-4367-A21D-0FEDABB93012}.Debug|OpenGL_32.Build.0 = Debug|Win32
		{C9BDAC7C-C59A-4367-A21D-0FEDABB93012}.Release|Direct3D_64.ActiveCfg = Release|x64
		{C9BDAC7C-C59A-4367-A21D-0FEDABB93012}.Release|Direct3D_64.Build.0 = Release|x64
		{C9BDAC7C-C59A-4367-A21D-0FEDABB93012}.Release|OpenGL_32.ActiveCfg = Release|Win32
		{C9BDAC7C-C59A-4367-A21D-0FEDABB93012}.Release|OpenGL_32.Build.0 = Release|Win32
		{B940D42B-253A-48A9-85D8-08F286117EC4}.Debug|Direct3D_64.ActiveCfg = Debug|x64
		{B940D42B-253A-48A9-85D8-08F286117EC4}.Debug|Direct3D_64.Build.0 = Debug|x64
		{B940D42B-253A-48A9-85D8-08F286117EC4}.Debug|OpenGL_32.ActiveCfg = Debug|Win32
		{B940D42B-253A-48A9-85D8-08F286117EC4}.Debug|OpenGL_32.Build.0 = Debug|Win32
		{B940D42B-253A-48A9-85D8-08F286117EC4}.Release|Direct3D_64.ActiveCfg = Release|x64
		{B940D42B-253A-48A9-85D8-08F286117EC4}.Release|Direct3D_64.Build.0 = Release|x64
		{B940D42B-253A-48A9-85D8-08F286117EC4}.Release|OpenGL_32.ActiveCfg = Release|Win32
		{B940D42B-253A-48A9-85D8-08F286117EC4}.Release|OpenGL_32.Build.0 = Release|Win32
		{552B2876-037A-4A14-8E5B-D73907DF5322}.Debug|Direct3D_64.ActiveCfg = Debug|x64
		{552B2876-037A-4A14-8E5B-D73907DF5322}.Debug|Direct3D_64.Build.0 = Debug|x64
		{552B2876-037A-4A14-8E5B-D73907DF5322}.Debug|OpenGL_32.ActiveCfg = Debug|Win32
		{552B2876-037A-4A14-8E5B-D73907DF5322}.Debug|OpenGL_32.Build.0 = Debug|Win32
		{552B2876-037A-4A14-8E5B-D73907DF5322}.Release|Direct3D_64.ActiveCfg = Release|x64
		{552B2876-037A-4A14-8E5B-D73907DF5322}.Release|Direct3D_64.Build.0 = Release|x64
		{552B2876-037A-4A14-8E5B-D73907DF5322}.Release|OpenGL_32.ActiveCfg = Release|Win32
		{552B2876-037A-4A14-8E5B-D73907DF5322}.Release|OpenGL_32.Build.0 = Release|Win32
		{136761E4-C684-4AFF-BF27-E946FCF006A1}.Debug|Direct3D_64.ActiveCfg = Debug|x64
		{136761E4-C684-4AFF-BF27-E946FCF006A1}.Debug|Direct3D_64.Build.0 = Debug|x64
		{136761E4-C684-4AFF-BF27-E946FCF006A1}.Debug|OpenGL_32.ActiveCfg = Debug|Win32
		{136761E4-C684-4AFF-BF27-E946FCF006A1}.Debug|OpenGL_32.Build.0 = Debug|Win32
		{136761E4-C684-4AFF-BF27-E946FCF006A1}.Release|Direct3D_64.ActiveCfg = Release|x64
		{136761E4-C684-4AFF-BF27-E946FCF006A1}.Release|Direct3D_64.Build.0 = Release|x64
		{136761E4-C684-4AFF-BF27-E946FCF006A1}.Release|OpenGL_32.ActiveCfg = Release|Win32
		{136761E4-C684-4AFF-BF27-E946FCF006A1}.Release|OpenGL_32.Build.0 = Release|Win32
		{06F00F02-D352-44A1-B42B-B5C2CEB2567A}.Debug|Direct3D_64.ActiveCfg = Debug|x64
		{06F00F02-D352-44A1-B42B-B5C2CEB2567A}.Debug|Direct3D_64.Build.0 = Debug|x64
		{06F00F02-D352-44A1-B42B-B5C2CEB2567A}.Debug|OpenGL_32.ActiveCfg = Debug|Win32
		{06F00F02-D352-44A1-B42B-B5C2CEB2567A}.Debug|OpenGL_32.Build.0 = Debug|Win32
		{06F00F02-D352-44A1-B42B-B5C2CEB2567A}.Release|Direct3D_64.ActiveCfg = Release|x64
		{06F00F02-D352-44A1-B42B-B5C2CEB2567A}.Release|Direct3D_64.Build.0 = Release|x64
		{06F00F02-D352-44A1-B42B-B5C2CEB2567A}.Release|OpenGL_32.ActiveCfg = Release|Win32
		{06F00F02-D352-44A1-B42B-B5C2CEB2567A}.Release|OpenGL_32.Build.0 = Release|Win32
		{4228BC52-904F-4BA2-B78E-7BCB85068A82}.Debug|Direct3D_64.ActiveCfg = Debug|x64
		{4228BC52-904F-4BA2-B78E-7BCB85068A82}.Debug|OpenGL_32.ActiveCfg = Debug|Win32
		{4228BC52-904F-4BA2-B78E-7BCB85068A82}.Debug|OpenGL_32.Build.0 = Debug|Win32
		{4228BC52-904F-4BA2-B78E-7BCB85068A82}.Release|Direct3D_64.ActiveCfg = Release|x64
		{4228BC52-904F-4BA2-B78E-7BCB85068A82}.Release|OpenGL_32.ActiveCfg = Release|Win32
		{4228BC52-904F-4BA2-B78E-7BCB85068A82}.Release|OpenGL_32.Build.0 = Release|Win32
		{F7850A7E-5C69-46C4-91A6-086F474961FB}.Debug|Direct3D_64.ActiveCfg = Debug|x64
		{F7850A7E-5C69-46C4-91A6-086F474961FB}.Debug|Direct3D_64.Build.0 = Debug|x64
		{F7850A7E-5C69-46C4-91A6-086F474961FB}.Debug|OpenGL_32.ActiveCfg = Debug|Win32
		{F7850A7E-5C69-46C4-91A6-086F474961FB}.Debug|OpenGL_32.Build.0 = Debug|Win32
		{F7850A7E-5C69-46C4-91A6-086F474961FB}.Release|Direct3D_64.ActiveCfg = Release|x64
		{F7850A7E-5C69-46C4-91A6-086F474961FB}.Release|Direct3D_64.Build.0 = Release|x64
		{F7850A7E-5C69-46C4-91A6-086F474961FB}.Release|OpenGL_32.ActiveCfg = Release|Win32
		{F7850A7E-5C69-46C4-91A6-086F474961FB}.Release|OpenGL_32.Build.0 = Release|Win32
		{EC809270-CE46-4204-A0F7-F88A6A4732E9}.Debug|Direct3D_64.ActiveCfg = Debug|x64
		{EC809270-CE46-4204-A0F7-F88A6A4732E9}.Debug|Direct3D_64.Build.0 = Debug|x64
		{EC809270-CE46-4204-A0F7-F88A6A4732E9}.Debug|OpenGL_32.ActiveCfg = Debug|Win32
		{EC809270-CE46-4204-A0F7-F88A6A4732E9}.Debug|OpenGL_32.Build.0 = Debug|Win32
		{EC809270-CE46-4204-A0F7-F88A6A4732E9}.Release|Direct3D_64.ActiveCfg = Release|x64
		{EC809270-CE46-4204-A0F7-F88A6A4732E9}.Release|Direct3D_64.Build.0 = Release|x64
		{EC809270-CE46-4204-A0F7-F88A6A4732E9}.Release|OpenGL_32.ActiveCfg = Release|Win32
		{EC809270-CE46-4204-A0F7-F88A6A4732E9}.Release|OpenGL_32.Build.0 = Release|Win32
		{7590DE77-3929-4687-9759-611AA4906B9B}.Debug|Direct3D_64.ActiveCfg = Debug|x64
		{7590DE77-3929-4687-9759-611AA4906B9B}.Debug|Direct3D_64.Build.0 = Debug|x64
		{7590DE77-3929-4687-9759-611AA4906B9B}.Debug|OpenGL_32.ActiveCfg = Debug|Win32
		{7590DE77-3929-4687-9759-611AA4906B9B}.Debug|OpenGL_32.Build.0 = Debug|Win32
		{7590DE77-3929-4687-9759-611AA4906B9B}.Release|Direct3D_64.ActiveCfg = Release|x64
		{7590DE77-3929-4687-9759-611AA4906B9B}.Release|Direct3D_64.Build.0 = Release|x64
		{7590DE77-3929-4687-9759-611AA4906B9B}.Release|OpenGL_32.ActiveCfg = Release|Win32
		{7590DE77-3929-4687-9759-611AA4906B9B}.Release|OpenGL_32.Build.0 = Release|Win32
		{70B81970-5665-4429-B2B2-7F6FCED5AB84}.Debug|Direct3D_64.ActiveCfg = Debug|x64
		{70B81970-5665-4429-B2B2-7F6FCED5AB84}.Debug|Direct3D_64.Build.0 = Debug|x64
		{70B81970-5665-4429-B2B2-7F6FCED5AB84}.Debug|OpenGL_32.ActiveCfg = Debug|x64
		{70B81970-5665-4429-B2B2-7F6FCED5AB84}.Debug|OpenGL_32.Build.0 = Debug|x64
		{70B81970-5665-4429-B2B2-7F6FCED5AB84}.Release|Direct3D_64.ActiveCfg = Release|x64
		{70B81970-5665-4429-B2B2-7F6FCED5AB84}.Release|Direct3D_64.Build.0 = Release|x64
		{70B81970-5665-4429-B2B2-7F6FCED5AB84}.Release|OpenGL_32.ActiveCfg = Release|x64
		{70B81970-5665-4429-B2B2-7F6FCED5AB84}.Release|OpenGL_32.Build.0 = Release|x64
		{0EF75377-98A2-4691-9615-36D640503EB7}.Debug|Direct3D_64.ActiveCfg = Debug|x64
		{0EF75377-98A2-4691-9615-36D640503EB7}.Debug|Direct3D_64.Build.0 = Debug|x64
		{0EF75377-98A2-4691-9615-36D640503EB7}.Debug|OpenGL_32.ActiveCfg = Debug|Win32
		{0EF75377-98A2-4691-9615-36D640503EB7}.Debug|OpenGL_32.Build.0 = Debug|Win32
		{0EF75377-98A2-4691-9615-36D640503EB7}.Release|Direct3D_64.ActiveCfg = Release|x64
		{0EF75377-98A2-4691-9615-36D640503EB7}.Release|Direct3D_64.Build.0 = Release|x64
		{0EF75377-98A2-4691-9615-36D640503EB7}.Release|OpenGL_32.ActiveCfg = Release|Win32
		{0EF75377-98A2-4691-9615-36D640503EB7}.Release|OpenGL_32.Build.0 = Release|Win32
		{DE18299E-57DD-420A-9219-31BCCE5A5BC0}.Debug|Direct3D_64.ActiveCfg = Debug|x64
		{DE18299E-57DD-420A-9219-31BCCE5A5BC0}.Debug|Direct3D_64.Build.0 = Debug|x64
		{DE18299E-57DD-420A-9219-31BCCE5A5BC0}.Debug|OpenGL_32.ActiveCfg = Debug|Win32
		{DE18299E-57DD-420A-9219-31BCCE5A5BC0}.Debug|OpenGL_32.Build.0 = Debug|Win32
		{DE18299E-57DD-420A-9219-31BCCE5A5BC0}.Release|Direct3D_64.ActiveCfg = Release|x64
		{DE18299E-57DD-420A-9219-31BCCE5A5BC0}.Release|Direct3D_64.Build.0 = Release|x64
		{DE18299E-57DD-420A-9219-31BCCE5A5BC0}.Release|OpenGL_32.ActiveCfg = Release|Win32
		{DE18299E-57DD-420A-9219-31BCCE5A5BC0}.Release|OpenGL_32.Build.0 = Release|Win32
	EndGlobalSection
	GlobalSection(SolutionProperties) = preSolution
		HideSolutionNode = FALSE
	EndGlobalSection
	GlobalSection(NestedProjects) = preSolution
		{9E467CBE-A795-453D-B724-F0AE5D9AB220} = {1014F25A-34E0-4A56-852D-70052741281E}
		{3670C64E-AAA0-4056-BF89-744D0276F609} = {1014F25A-34E0-4A56-852D-70052741281E}
		{46C603DB-B8DF-428F-A614-BED5805B3A62} = {7770BD5B-4FDD-447A-B274-96C5A43B531F}
		{D76FAEE2-0B67-493B-B494-2C5FB20AA14C} = {7770BD5B-4FDD-447A-B274-96C5A43B531F}
		{583136CA-2A90-4B54-8CF8-E7AD420CA523} = {7770BD5B-4FDD-447A-B274-96C5A43B531F}
		{B6BC0082-C4EF-4B54-9247-6C5FF414FF2A} = {2EBEC307-27C3-4278-BB7E-ED81E63F5E88}
		{45CDCFF0-7F57-457F-9706-C3C15E7EA597} = {2EBEC307-27C3-4278-BB7E-ED81E63F5E88}
		{393119AF-5F33-4130-9BE8-8A59EEBED07E} = {2EBEC307-27C3-4278-BB7E-ED81E63F5E88}
		{9653A255-0309-403F-9193-DE569343011F} = {2EBEC307-27C3-4278-BB7E-ED81E63F5E88}
		{5F8004A7-75AD-49AC-85C7-96D9B9F19533} = {9900714F-F4F3-41AC-B088-78631BDFEEB3}
		{ABF804FE-993A-43E2-A242-F3090A290B12} = {9900714F-F4F3-41AC-B088-78631BDFEEB3}
		{C9BDAC7C-C59A-4367-A21D-0FEDABB93012} = {9900714F-F4F3-41AC-B088-78631BDFEEB3}
		{B940D42B-253A-48A9-85D8-08F286117EC4} = {9900714F-F4F3-41AC-B088-78631BDFEEB3}
		{552B2876-037A-4A14-8E5B-D73907DF5322} = {7770BD5B-4FDD-447A-B274-96C5A43B531F}
		{136761E4-C684-4AFF-BF27-E946FCF006A1} = {7770BD5B-4FDD-447A-B274-96C5A43B531F}
		{06F00F02-D352-44A1-B42B-B5C2CEB2567A} = {7770BD5B-4FDD-447A-B274-96C5A43B531F}
		{4228BC52-904F-4BA2-B78E-7BCB85068A82} = {2EBEC307-27C3-4278-BB7E-ED81E63F5E88}
		{F7850A7E-5C69-46C4-91A6-086F474961FB} = {9900714F-F4F3-41AC-B088-78631BDFEEB3}
		{EC809270-CE46-4204-A0F7-F88A6A4732E9} = {9900714F-F4F3-41AC-B088-78631BDFEEB3}
		{7590DE77-3929-4687-9759-611AA4906B9B} = {9900714F-F4F3-41AC-B088-78631BDFEEB3}
		{70B81970-5665-4429-B2B2-7F6FCED5AB84} = {9900714F-F4F3-41AC-B088-78631BDFEEB3}
		{0EF75377-98A2-4691-9615-36D640503EB7} = {9900714F-F4F3-41AC-B088-78631BDFEEB3}
		{DE18299E-57DD-420A-9219-31BCCE5A5BC0} = {9900714F-F4F3-41AC-B088-78631BDFEEB3}
	EndGlobalSection
EndGlobal
